// !$*UTF8*$!
{
	archiveVersion = 1;
	classes = {
	};
	objectVersion = 46;
	objects = {

/* Begin PBXBuildFile section */
		5B0568861DC6D6FF00F30DB2 /* MTNetworkMoniter.h in Headers */ = {isa = PBXBuildFile; fileRef = 5B0568801DC6D6FF00F30DB2 /* MTNetworkMoniter.h */; };
		5B0568871DC6D6FF00F30DB2 /* MTNetworkMoniter.m in Sources */ = {isa = PBXBuildFile; fileRef = 5B0568811DC6D6FF00F30DB2 /* MTNetworkMoniter.m */; };
		5B0568881DC6D6FF00F30DB2 /* MTRealReachability.h in Headers */ = {isa = PBXBuildFile; fileRef = 5B0568821DC6D6FF00F30DB2 /* MTRealReachability.h */; };
		5B0568891DC6D6FF00F30DB2 /* MTRealReachability.m in Sources */ = {isa = PBXBuildFile; fileRef = 5B0568831DC6D6FF00F30DB2 /* MTRealReachability.m */; };
		5B05688A1DC6D6FF00F30DB2 /* MTSimplePing.h in Headers */ = {isa = PBXBuildFile; fileRef = 5B0568841DC6D6FF00F30DB2 /* MTSimplePing.h */; };
		5B05688B1DC6D6FF00F30DB2 /* MTSimplePing.m in Sources */ = {isa = PBXBuildFile; fileRef = 5B0568851DC6D6FF00F30DB2 /* MTSimplePing.m */; };
		5B59679D1DC1CB9D0076AD2E /* main.m in Sources */ = {isa = PBXBuildFile; fileRef = 5B59679C1DC1CB9D0076AD2E /* main.m */; };
		5B5967A01DC1CB9D0076AD2E /* AppDelegate.m in Sources */ = {isa = PBXBuildFile; fileRef = 5B59679F1DC1CB9D0076AD2E /* AppDelegate.m */; };
		5B5967A31DC1CB9D0076AD2E /* ViewController.m in Sources */ = {isa = PBXBuildFile; fileRef = 5B5967A21DC1CB9D0076AD2E /* ViewController.m */; };
		5B5967A61DC1CB9D0076AD2E /* Main.storyboard in Resources */ = {isa = PBXBuildFile; fileRef = 5B5967A41DC1CB9D0076AD2E /* Main.storyboard */; };
		5B5967A81DC1CB9D0076AD2E /* Assets.xcassets in Resources */ = {isa = PBXBuildFile; fileRef = 5B5967A71DC1CB9D0076AD2E /* Assets.xcassets */; };
		5B5967AB1DC1CB9D0076AD2E /* LaunchScreen.storyboard in Resources */ = {isa = PBXBuildFile; fileRef = 5B5967A91DC1CB9D0076AD2E /* LaunchScreen.storyboard */; };
		5B5967B61DC1CB9D0076AD2E /* MTRealReachabilityDEMOTests.m in Sources */ = {isa = PBXBuildFile; fileRef = 5B5967B51DC1CB9D0076AD2E /* MTRealReachabilityDEMOTests.m */; };
		5B5967C11DC1CB9D0076AD2E /* MTRealReachabilityDEMOUITests.m in Sources */ = {isa = PBXBuildFile; fileRef = 5B5967C01DC1CB9D0076AD2E /* MTRealReachabilityDEMOUITests.m */; };
		5B5967E61DC1CC0A0076AD2E /* MTRealReachability.framework in Frameworks */ = {isa = PBXBuildFile; fileRef = 5B5967DD1DC1CC090076AD2E /* MTRealReachability.framework */; };
		5B5967ED1DC1CC0A0076AD2E /* MTRealReachabilityTests.m in Sources */ = {isa = PBXBuildFile; fileRef = 5B5967EC1DC1CC0A0076AD2E /* MTRealReachabilityTests.m */; };
		5B5967F21DC1CC0A0076AD2E /* MTRealReachability.framework in Frameworks */ = {isa = PBXBuildFile; fileRef = 5B5967DD1DC1CC090076AD2E /* MTRealReachability.framework */; };
		5B5967F31DC1CC0A0076AD2E /* MTRealReachability.framework in Embed Frameworks */ = {isa = PBXBuildFile; fileRef = 5B5967DD1DC1CC090076AD2E /* MTRealReachability.framework */; settings = {ATTRIBUTES = (CodeSignOnCopy, RemoveHeadersOnCopy, ); }; };
/* End PBXBuildFile section */

/* Begin PBXContainerItemProxy section */
		5B5967B21DC1CB9D0076AD2E /* PBXContainerItemProxy */ = {
			isa = PBXContainerItemProxy;
			containerPortal = 5B5967901DC1CB9D0076AD2E /* Project object */;
			proxyType = 1;
			remoteGlobalIDString = 5B5967971DC1CB9D0076AD2E;
			remoteInfo = MTRealReachabilityDEMO;
		};
		5B5967BD1DC1CB9D0076AD2E /* PBXContainerItemProxy */ = {
			isa = PBXContainerItemProxy;
			containerPortal = 5B5967901DC1CB9D0076AD2E /* Project object */;
			proxyType = 1;
			remoteGlobalIDString = 5B5967971DC1CB9D0076AD2E;
			remoteInfo = MTRealReachabilityDEMO;
		};
		5B5967E71DC1CC0A0076AD2E /* PBXContainerItemProxy */ = {
			isa = PBXContainerItemProxy;
			containerPortal = 5B5967901DC1CB9D0076AD2E /* Project object */;
			proxyType = 1;
			remoteGlobalIDString = 5B5967DC1DC1CC090076AD2E;
			remoteInfo = MTRealReachability;
		};
		5B5967E91DC1CC0A0076AD2E /* PBXContainerItemProxy */ = {
			isa = PBXContainerItemProxy;
			containerPortal = 5B5967901DC1CB9D0076AD2E /* Project object */;
			proxyType = 1;
			remoteGlobalIDString = 5B5967971DC1CB9D0076AD2E;
			remoteInfo = MTRealReachabilityDEMO;
		};
		5B5967F01DC1CC0A0076AD2E /* PBXContainerItemProxy */ = {
			isa = PBXContainerItemProxy;
			containerPortal = 5B5967901DC1CB9D0076AD2E /* Project object */;
			proxyType = 1;
			remoteGlobalIDString = 5B5967DC1DC1CC090076AD2E;
			remoteInfo = MTRealReachability;
		};
/* End PBXContainerItemProxy section */

/* Begin PBXCopyFilesBuildPhase section */
		5B5967F71DC1CC0A0076AD2E /* Embed Frameworks */ = {
			isa = PBXCopyFilesBuildPhase;
			buildActionMask = 2147483647;
			dstPath = "";
			dstSubfolderSpec = 10;
			files = (
				5B5967F31DC1CC0A0076AD2E /* MTRealReachability.framework in Embed Frameworks */,
			);
			name = "Embed Frameworks";
			runOnlyForDeploymentPostprocessing = 0;
		};
/* End PBXCopyFilesBuildPhase section */

/* Begin PBXFileReference section */
		5B0568801DC6D6FF00F30DB2 /* MTNetworkMoniter.h */ = {isa = PBXFileReference; fileEncoding = 4; lastKnownFileType = sourcecode.c.h; path = MTNetworkMoniter.h; sourceTree = "<group>"; };
		5B0568811DC6D6FF00F30DB2 /* MTNetworkMoniter.m */ = {isa = PBXFileReference; fileEncoding = 4; lastKnownFileType = sourcecode.c.objc; path = MTNetworkMoniter.m; sourceTree = "<group>"; };
		5B0568821DC6D6FF00F30DB2 /* MTRealReachability.h */ = {isa = PBXFileReference; fileEncoding = 4; lastKnownFileType = sourcecode.c.h; path = MTRealReachability.h; sourceTree = "<group>"; };
		5B0568831DC6D6FF00F30DB2 /* MTRealReachability.m */ = {isa = PBXFileReference; fileEncoding = 4; lastKnownFileType = sourcecode.c.objc; path = MTRealReachability.m; sourceTree = "<group>"; };
		5B0568841DC6D6FF00F30DB2 /* MTSimplePing.h */ = {isa = PBXFileReference; fileEncoding = 4; lastKnownFileType = sourcecode.c.h; path = MTSimplePing.h; sourceTree = "<group>"; };
		5B0568851DC6D6FF00F30DB2 /* MTSimplePing.m */ = {isa = PBXFileReference; fileEncoding = 4; lastKnownFileType = sourcecode.c.objc; path = MTSimplePing.m; sourceTree = "<group>"; };
		5B5967981DC1CB9D0076AD2E /* MTRealReachabilityDEMO.app */ = {isa = PBXFileReference; explicitFileType = wrapper.application; includeInIndex = 0; path = MTRealReachabilityDEMO.app; sourceTree = BUILT_PRODUCTS_DIR; };
		5B59679C1DC1CB9D0076AD2E /* main.m */ = {isa = PBXFileReference; lastKnownFileType = sourcecode.c.objc; path = main.m; sourceTree = "<group>"; };
		5B59679E1DC1CB9D0076AD2E /* AppDelegate.h */ = {isa = PBXFileReference; lastKnownFileType = sourcecode.c.h; path = AppDelegate.h; sourceTree = "<group>"; };
		5B59679F1DC1CB9D0076AD2E /* AppDelegate.m */ = {isa = PBXFileReference; lastKnownFileType = sourcecode.c.objc; path = AppDelegate.m; sourceTree = "<group>"; };
		5B5967A11DC1CB9D0076AD2E /* ViewController.h */ = {isa = PBXFileReference; lastKnownFileType = sourcecode.c.h; path = ViewController.h; sourceTree = "<group>"; };
		5B5967A21DC1CB9D0076AD2E /* ViewController.m */ = {isa = PBXFileReference; lastKnownFileType = sourcecode.c.objc; path = ViewController.m; sourceTree = "<group>"; };
		5B5967A51DC1CB9D0076AD2E /* Base */ = {isa = PBXFileReference; lastKnownFileType = file.storyboard; name = Base; path = Base.lproj/Main.storyboard; sourceTree = "<group>"; };
		5B5967A71DC1CB9D0076AD2E /* Assets.xcassets */ = {isa = PBXFileReference; lastKnownFileType = folder.assetcatalog; path = Assets.xcassets; sourceTree = "<group>"; };
		5B5967AA1DC1CB9D0076AD2E /* Base */ = {isa = PBXFileReference; lastKnownFileType = file.storyboard; name = Base; path = Base.lproj/LaunchScreen.storyboard; sourceTree = "<group>"; };
		5B5967AC1DC1CB9D0076AD2E /* Info.plist */ = {isa = PBXFileReference; lastKnownFileType = text.plist.xml; path = Info.plist; sourceTree = "<group>"; };
		5B5967B11DC1CB9D0076AD2E /* MTRealReachabilityDEMOTests.xctest */ = {isa = PBXFileReference; explicitFileType = wrapper.cfbundle; includeInIndex = 0; path = MTRealReachabilityDEMOTests.xctest; sourceTree = BUILT_PRODUCTS_DIR; };
		5B5967B51DC1CB9D0076AD2E /* MTRealReachabilityDEMOTests.m */ = {isa = PBXFileReference; lastKnownFileType = sourcecode.c.objc; path = MTRealReachabilityDEMOTests.m; sourceTree = "<group>"; };
		5B5967B71DC1CB9D0076AD2E /* Info.plist */ = {isa = PBXFileReference; lastKnownFileType = text.plist.xml; path = Info.plist; sourceTree = "<group>"; };
		5B5967BC1DC1CB9D0076AD2E /* MTRealReachabilityDEMOUITests.xctest */ = {isa = PBXFileReference; explicitFileType = wrapper.cfbundle; includeInIndex = 0; path = MTRealReachabilityDEMOUITests.xctest; sourceTree = BUILT_PRODUCTS_DIR; };
		5B5967C01DC1CB9D0076AD2E /* MTRealReachabilityDEMOUITests.m */ = {isa = PBXFileReference; lastKnownFileType = sourcecode.c.objc; path = MTRealReachabilityDEMOUITests.m; sourceTree = "<group>"; };
		5B5967C21DC1CB9D0076AD2E /* Info.plist */ = {isa = PBXFileReference; lastKnownFileType = text.plist.xml; path = Info.plist; sourceTree = "<group>"; };
		5B5967DD1DC1CC090076AD2E /* MTRealReachability.framework */ = {isa = PBXFileReference; explicitFileType = wrapper.framework; includeInIndex = 0; path = MTRealReachability.framework; sourceTree = BUILT_PRODUCTS_DIR; };
		5B5967E01DC1CC090076AD2E /* Info.plist */ = {isa = PBXFileReference; lastKnownFileType = text.plist.xml; path = Info.plist; sourceTree = "<group>"; };
		5B5967E51DC1CC090076AD2E /* MTRealReachabilityTests.xctest */ = {isa = PBXFileReference; explicitFileType = wrapper.cfbundle; includeInIndex = 0; path = MTRealReachabilityTests.xctest; sourceTree = BUILT_PRODUCTS_DIR; };
		5B5967EC1DC1CC0A0076AD2E /* MTRealReachabilityTests.m */ = {isa = PBXFileReference; lastKnownFileType = sourcecode.c.objc; path = MTRealReachabilityTests.m; sourceTree = "<group>"; };
		5B5967EE1DC1CC0A0076AD2E /* Info.plist */ = {isa = PBXFileReference; lastKnownFileType = text.plist.xml; path = Info.plist; sourceTree = "<group>"; };
/* End PBXFileReference section */

/* Begin PBXFrameworksBuildPhase section */
		5B5967951DC1CB9D0076AD2E /* Frameworks */ = {
			isa = PBXFrameworksBuildPhase;
			buildActionMask = 2147483647;
			files = (
				5B5967F21DC1CC0A0076AD2E /* MTRealReachability.framework in Frameworks */,
			);
			runOnlyForDeploymentPostprocessing = 0;
		};
		5B5967AE1DC1CB9D0076AD2E /* Frameworks */ = {
			isa = PBXFrameworksBuildPhase;
			buildActionMask = 2147483647;
			files = (
			);
			runOnlyForDeploymentPostprocessing = 0;
		};
		5B5967B91DC1CB9D0076AD2E /* Frameworks */ = {
			isa = PBXFrameworksBuildPhase;
			buildActionMask = 2147483647;
			files = (
			);
			runOnlyForDeploymentPostprocessing = 0;
		};
		5B5967D91DC1CC090076AD2E /* Frameworks */ = {
			isa = PBXFrameworksBuildPhase;
			buildActionMask = 2147483647;
			files = (
			);
			runOnlyForDeploymentPostprocessing = 0;
		};
		5B5967E21DC1CC090076AD2E /* Frameworks */ = {
			isa = PBXFrameworksBuildPhase;
			buildActionMask = 2147483647;
			files = (
				5B5967E61DC1CC0A0076AD2E /* MTRealReachability.framework in Frameworks */,
			);
			runOnlyForDeploymentPostprocessing = 0;
		};
/* End PBXFrameworksBuildPhase section */

/* Begin PBXGroup section */
		03CB065CE48EAAA788187040 /* Frameworks */ = {
			isa = PBXGroup;
			children = (
			);
			name = Frameworks;
			sourceTree = "<group>";
		};
		5B59678F1DC1CB9D0076AD2E = {
			isa = PBXGroup;
			children = (
				5B59679A1DC1CB9D0076AD2E /* MTRealReachabilityDEMO */,
				5B5967B41DC1CB9D0076AD2E /* MTRealReachabilityDEMOTests */,
				5B5967BF1DC1CB9D0076AD2E /* MTRealReachabilityDEMOUITests */,
				5B5967DE1DC1CC090076AD2E /* MTRealReachability */,
				5B5967EB1DC1CC0A0076AD2E /* MTRealReachabilityTests */,
				5B5967991DC1CB9D0076AD2E /* Products */,
				03CB065CE48EAAA788187040 /* Frameworks */,
			);
			sourceTree = "<group>";
		};
		5B5967991DC1CB9D0076AD2E /* Products */ = {
			isa = PBXGroup;
			children = (
				5B5967981DC1CB9D0076AD2E /* MTRealReachabilityDEMO.app */,
				5B5967B11DC1CB9D0076AD2E /* MTRealReachabilityDEMOTests.xctest */,
				5B5967BC1DC1CB9D0076AD2E /* MTRealReachabilityDEMOUITests.xctest */,
				5B5967DD1DC1CC090076AD2E /* MTRealReachability.framework */,
				5B5967E51DC1CC090076AD2E /* MTRealReachabilityTests.xctest */,
			);
			name = Products;
			sourceTree = "<group>";
		};
		5B59679A1DC1CB9D0076AD2E /* MTRealReachabilityDEMO */ = {
			isa = PBXGroup;
			children = (
				5B59679E1DC1CB9D0076AD2E /* AppDelegate.h */,
				5B59679F1DC1CB9D0076AD2E /* AppDelegate.m */,
				5B5967A11DC1CB9D0076AD2E /* ViewController.h */,
				5B5967A21DC1CB9D0076AD2E /* ViewController.m */,
				5B5967A41DC1CB9D0076AD2E /* Main.storyboard */,
				5B5967A71DC1CB9D0076AD2E /* Assets.xcassets */,
				5B5967A91DC1CB9D0076AD2E /* LaunchScreen.storyboard */,
				5B5967AC1DC1CB9D0076AD2E /* Info.plist */,
				5B59679B1DC1CB9D0076AD2E /* Supporting Files */,
			);
			path = MTRealReachabilityDEMO;
			sourceTree = "<group>";
		};
		5B59679B1DC1CB9D0076AD2E /* Supporting Files */ = {
			isa = PBXGroup;
			children = (
				5B59679C1DC1CB9D0076AD2E /* main.m */,
			);
			name = "Supporting Files";
			sourceTree = "<group>";
		};
		5B5967B41DC1CB9D0076AD2E /* MTRealReachabilityDEMOTests */ = {
			isa = PBXGroup;
			children = (
				5B5967B51DC1CB9D0076AD2E /* MTRealReachabilityDEMOTests.m */,
				5B5967B71DC1CB9D0076AD2E /* Info.plist */,
			);
			path = MTRealReachabilityDEMOTests;
			sourceTree = "<group>";
		};
		5B5967BF1DC1CB9D0076AD2E /* MTRealReachabilityDEMOUITests */ = {
			isa = PBXGroup;
			children = (
				5B5967C01DC1CB9D0076AD2E /* MTRealReachabilityDEMOUITests.m */,
				5B5967C21DC1CB9D0076AD2E /* Info.plist */,
			);
			path = MTRealReachabilityDEMOUITests;
			sourceTree = "<group>";
		};
		5B5967DE1DC1CC090076AD2E /* MTRealReachability */ = {
			isa = PBXGroup;
			children = (
				5B0568801DC6D6FF00F30DB2 /* MTNetworkMoniter.h */,
				5B0568811DC6D6FF00F30DB2 /* MTNetworkMoniter.m */,
				5B0568821DC6D6FF00F30DB2 /* MTRealReachability.h */,
				5B0568831DC6D6FF00F30DB2 /* MTRealReachability.m */,
				5B0568841DC6D6FF00F30DB2 /* MTSimplePing.h */,
				5B0568851DC6D6FF00F30DB2 /* MTSimplePing.m */,
				5B5967E01DC1CC090076AD2E /* Info.plist */,
			);
			path = MTRealReachability;
			sourceTree = "<group>";
		};
		5B5967EB1DC1CC0A0076AD2E /* MTRealReachabilityTests */ = {
			isa = PBXGroup;
			children = (
				5B5967EC1DC1CC0A0076AD2E /* MTRealReachabilityTests.m */,
				5B5967EE1DC1CC0A0076AD2E /* Info.plist */,
			);
			path = MTRealReachabilityTests;
			sourceTree = "<group>";
		};
/* End PBXGroup section */

/* Begin PBXHeadersBuildPhase section */
		5B5967DA1DC1CC090076AD2E /* Headers */ = {
			isa = PBXHeadersBuildPhase;
			buildActionMask = 2147483647;
			files = (
				5B0568881DC6D6FF00F30DB2 /* MTRealReachability.h in Headers */,
				5B05688A1DC6D6FF00F30DB2 /* MTSimplePing.h in Headers */,
				5B0568861DC6D6FF00F30DB2 /* MTNetworkMoniter.h in Headers */,
			);
			runOnlyForDeploymentPostprocessing = 0;
		};
/* End PBXHeadersBuildPhase section */

/* Begin PBXNativeTarget section */
		5B5967971DC1CB9D0076AD2E /* MTRealReachabilityDEMO */ = {
			isa = PBXNativeTarget;
			buildConfigurationList = 5B5967C51DC1CB9D0076AD2E /* Build configuration list for PBXNativeTarget "MTRealReachabilityDEMO" */;
			buildPhases = (
				5B5967941DC1CB9D0076AD2E /* Sources */,
				5B5967951DC1CB9D0076AD2E /* Frameworks */,
				5B5967961DC1CB9D0076AD2E /* Resources */,
				5B5967F71DC1CC0A0076AD2E /* Embed Frameworks */,
			);
			buildRules = (
			);
			dependencies = (
				5B5967F11DC1CC0A0076AD2E /* PBXTargetDependency */,
			);
			name = MTRealReachabilityDEMO;
			productName = MTRealReachabilityDEMO;
			productReference = 5B5967981DC1CB9D0076AD2E /* MTRealReachabilityDEMO.app */;
			productType = "com.apple.product-type.application";
		};
		5B5967B01DC1CB9D0076AD2E /* MTRealReachabilityDEMOTests */ = {
			isa = PBXNativeTarget;
			buildConfigurationList = 5B5967C81DC1CB9D0076AD2E /* Build configuration list for PBXNativeTarget "MTRealReachabilityDEMOTests" */;
			buildPhases = (
				5B5967AD1DC1CB9D0076AD2E /* Sources */,
				5B5967AE1DC1CB9D0076AD2E /* Frameworks */,
				5B5967AF1DC1CB9D0076AD2E /* Resources */,
			);
			buildRules = (
			);
			dependencies = (
				5B5967B31DC1CB9D0076AD2E /* PBXTargetDependency */,
			);
			name = MTRealReachabilityDEMOTests;
			productName = MTRealReachabilityDEMOTests;
			productReference = 5B5967B11DC1CB9D0076AD2E /* MTRealReachabilityDEMOTests.xctest */;
			productType = "com.apple.product-type.bundle.unit-test";
		};
		5B5967BB1DC1CB9D0076AD2E /* MTRealReachabilityDEMOUITests */ = {
			isa = PBXNativeTarget;
			buildConfigurationList = 5B5967CB1DC1CB9D0076AD2E /* Build configuration list for PBXNativeTarget "MTRealReachabilityDEMOUITests" */;
			buildPhases = (
				5B5967B81DC1CB9D0076AD2E /* Sources */,
				5B5967B91DC1CB9D0076AD2E /* Frameworks */,
				5B5967BA1DC1CB9D0076AD2E /* Resources */,
			);
			buildRules = (
			);
			dependencies = (
				5B5967BE1DC1CB9D0076AD2E /* PBXTargetDependency */,
			);
			name = MTRealReachabilityDEMOUITests;
			productName = MTRealReachabilityDEMOUITests;
			productReference = 5B5967BC1DC1CB9D0076AD2E /* MTRealReachabilityDEMOUITests.xctest */;
			productType = "com.apple.product-type.bundle.ui-testing";
		};
		5B5967DC1DC1CC090076AD2E /* MTRealReachability */ = {
			isa = PBXNativeTarget;
			buildConfigurationList = 5B5967F41DC1CC0A0076AD2E /* Build configuration list for PBXNativeTarget "MTRealReachability" */;
			buildPhases = (
				5B5967D81DC1CC090076AD2E /* Sources */,
				5B5967D91DC1CC090076AD2E /* Frameworks */,
				5B5967DA1DC1CC090076AD2E /* Headers */,
				5B5967DB1DC1CC090076AD2E /* Resources */,
			);
			buildRules = (
			);
			dependencies = (
			);
			name = MTRealReachability;
			productName = MTRealReachability;
			productReference = 5B5967DD1DC1CC090076AD2E /* MTRealReachability.framework */;
			productType = "com.apple.product-type.framework";
		};
		5B5967E41DC1CC090076AD2E /* MTRealReachabilityTests */ = {
			isa = PBXNativeTarget;
			buildConfigurationList = 5B5967F81DC1CC0A0076AD2E /* Build configuration list for PBXNativeTarget "MTRealReachabilityTests" */;
			buildPhases = (
				5B5967E11DC1CC090076AD2E /* Sources */,
				5B5967E21DC1CC090076AD2E /* Frameworks */,
				5B5967E31DC1CC090076AD2E /* Resources */,
			);
			buildRules = (
			);
			dependencies = (
				5B5967E81DC1CC0A0076AD2E /* PBXTargetDependency */,
				5B5967EA1DC1CC0A0076AD2E /* PBXTargetDependency */,
			);
			name = MTRealReachabilityTests;
			productName = MTRealReachabilityTests;
			productReference = 5B5967E51DC1CC090076AD2E /* MTRealReachabilityTests.xctest */;
			productType = "com.apple.product-type.bundle.unit-test";
		};
/* End PBXNativeTarget section */

/* Begin PBXProject section */
		5B5967901DC1CB9D0076AD2E /* Project object */ = {
			isa = PBXProject;
			attributes = {
				LastUpgradeCheck = 0800;
				ORGANIZATIONNAME = martin;
				TargetAttributes = {
					5B5967971DC1CB9D0076AD2E = {
						CreatedOnToolsVersion = 8.0;
						DevelopmentTeam = Q34ZBX98J7;
						ProvisioningStyle = Automatic;
					};
					5B5967B01DC1CB9D0076AD2E = {
						CreatedOnToolsVersion = 8.0;
						ProvisioningStyle = Automatic;
						TestTargetID = 5B5967971DC1CB9D0076AD2E;
					};
					5B5967BB1DC1CB9D0076AD2E = {
						CreatedOnToolsVersion = 8.0;
						ProvisioningStyle = Automatic;
						TestTargetID = 5B5967971DC1CB9D0076AD2E;
					};
					5B5967DC1DC1CC090076AD2E = {
						CreatedOnToolsVersion = 8.0;
						ProvisioningStyle = Automatic;
					};
					5B5967E41DC1CC090076AD2E = {
						CreatedOnToolsVersion = 8.0;
						ProvisioningStyle = Automatic;
						TestTargetID = 5B5967971DC1CB9D0076AD2E;
					};
				};
			};
			buildConfigurationList = 5B5967931DC1CB9D0076AD2E /* Build configuration list for PBXProject "MTRealReachabilityDEMO" */;
			compatibilityVersion = "Xcode 3.2";
			developmentRegion = English;
			hasScannedForEncodings = 0;
			knownRegions = (
				en,
				Base,
			);
			mainGroup = 5B59678F1DC1CB9D0076AD2E;
			productRefGroup = 5B5967991DC1CB9D0076AD2E /* Products */;
			projectDirPath = "";
			projectRoot = "";
			targets = (
				5B5967971DC1CB9D0076AD2E /* MTRealReachabilityDEMO */,
				5B5967B01DC1CB9D0076AD2E /* MTRealReachabilityDEMOTests */,
				5B5967BB1DC1CB9D0076AD2E /* MTRealReachabilityDEMOUITests */,
				5B5967DC1DC1CC090076AD2E /* MTRealReachability */,
				5B5967E41DC1CC090076AD2E /* MTRealReachabilityTests */,
			);
		};
/* End PBXProject section */

/* Begin PBXResourcesBuildPhase section */
		5B5967961DC1CB9D0076AD2E /* Resources */ = {
			isa = PBXResourcesBuildPhase;
			buildActionMask = 2147483647;
			files = (
				5B5967AB1DC1CB9D0076AD2E /* LaunchScreen.storyboard in Resources */,
				5B5967A81DC1CB9D0076AD2E /* Assets.xcassets in Resources */,
				5B5967A61DC1CB9D0076AD2E /* Main.storyboard in Resources */,
			);
			runOnlyForDeploymentPostprocessing = 0;
		};
		5B5967AF1DC1CB9D0076AD2E /* Resources */ = {
			isa = PBXResourcesBuildPhase;
			buildActionMask = 2147483647;
			files = (
			);
			runOnlyForDeploymentPostprocessing = 0;
		};
		5B5967BA1DC1CB9D0076AD2E /* Resources */ = {
			isa = PBXResourcesBuildPhase;
			buildActionMask = 2147483647;
			files = (
			);
			runOnlyForDeploymentPostprocessing = 0;
		};
		5B5967DB1DC1CC090076AD2E /* Resources */ = {
			isa = PBXResourcesBuildPhase;
			buildActionMask = 2147483647;
			files = (
			);
			runOnlyForDeploymentPostprocessing = 0;
		};
		5B5967E31DC1CC090076AD2E /* Resources */ = {
			isa = PBXResourcesBuildPhase;
			buildActionMask = 2147483647;
			files = (
			);
			runOnlyForDeploymentPostprocessing = 0;
		};
/* End PBXResourcesBuildPhase section */

/* Begin PBXSourcesBuildPhase section */
		5B5967941DC1CB9D0076AD2E /* Sources */ = {
			isa = PBXSourcesBuildPhase;
			buildActionMask = 2147483647;
			files = (
				5B5967A31DC1CB9D0076AD2E /* ViewController.m in Sources */,
				5B5967A01DC1CB9D0076AD2E /* AppDelegate.m in Sources */,
				5B59679D1DC1CB9D0076AD2E /* main.m in Sources */,
			);
			runOnlyForDeploymentPostprocessing = 0;
		};
		5B5967AD1DC1CB9D0076AD2E /* Sources */ = {
			isa = PBXSourcesBuildPhase;
			buildActionMask = 2147483647;
			files = (
				5B5967B61DC1CB9D0076AD2E /* MTRealReachabilityDEMOTests.m in Sources */,
			);
			runOnlyForDeploymentPostprocessing = 0;
		};
		5B5967B81DC1CB9D0076AD2E /* Sources */ = {
			isa = PBXSourcesBuildPhase;
			buildActionMask = 2147483647;
			files = (
				5B5967C11DC1CB9D0076AD2E /* MTRealReachabilityDEMOUITests.m in Sources */,
			);
			runOnlyForDeploymentPostprocessing = 0;
		};
		5B5967D81DC1CC090076AD2E /* Sources */ = {
			isa = PBXSourcesBuildPhase;
			buildActionMask = 2147483647;
			files = (
				5B0568871DC6D6FF00F30DB2 /* MTNetworkMoniter.m in Sources */,
				5B0568891DC6D6FF00F30DB2 /* MTRealReachability.m in Sources */,
				5B05688B1DC6D6FF00F30DB2 /* MTSimplePing.m in Sources */,
			);
			runOnlyForDeploymentPostprocessing = 0;
		};
		5B5967E11DC1CC090076AD2E /* Sources */ = {
			isa = PBXSourcesBuildPhase;
			buildActionMask = 2147483647;
			files = (
				5B5967ED1DC1CC0A0076AD2E /* MTRealReachabilityTests.m in Sources */,
			);
			runOnlyForDeploymentPostprocessing = 0;
		};
/* End PBXSourcesBuildPhase section */

/* Begin PBXTargetDependency section */
		5B5967B31DC1CB9D0076AD2E /* PBXTargetDependency */ = {
			isa = PBXTargetDependency;
			target = 5B5967971DC1CB9D0076AD2E /* MTRealReachabilityDEMO */;
			targetProxy = 5B5967B21DC1CB9D0076AD2E /* PBXContainerItemProxy */;
		};
		5B5967BE1DC1CB9D0076AD2E /* PBXTargetDependency */ = {
			isa = PBXTargetDependency;
			target = 5B5967971DC1CB9D0076AD2E /* MTRealReachabilityDEMO */;
			targetProxy = 5B5967BD1DC1CB9D0076AD2E /* PBXContainerItemProxy */;
		};
		5B5967E81DC1CC0A0076AD2E /* PBXTargetDependency */ = {
			isa = PBXTargetDependency;
			target = 5B5967DC1DC1CC090076AD2E /* MTRealReachability */;
			targetProxy = 5B5967E71DC1CC0A0076AD2E /* PBXContainerItemProxy */;
		};
		5B5967EA1DC1CC0A0076AD2E /* PBXTargetDependency */ = {
			isa = PBXTargetDependency;
			target = 5B5967971DC1CB9D0076AD2E /* MTRealReachabilityDEMO */;
			targetProxy = 5B5967E91DC1CC0A0076AD2E /* PBXContainerItemProxy */;
		};
		5B5967F11DC1CC0A0076AD2E /* PBXTargetDependency */ = {
			isa = PBXTargetDependency;
			target = 5B5967DC1DC1CC090076AD2E /* MTRealReachability */;
			targetProxy = 5B5967F01DC1CC0A0076AD2E /* PBXContainerItemProxy */;
		};
/* End PBXTargetDependency section */

/* Begin PBXVariantGroup section */
		5B5967A41DC1CB9D0076AD2E /* Main.storyboard */ = {
			isa = PBXVariantGroup;
			children = (
				5B5967A51DC1CB9D0076AD2E /* Base */,
			);
			name = Main.storyboard;
			sourceTree = "<group>";
		};
		5B5967A91DC1CB9D0076AD2E /* LaunchScreen.storyboard */ = {
			isa = PBXVariantGroup;
			children = (
				5B5967AA1DC1CB9D0076AD2E /* Base */,
			);
			name = LaunchScreen.storyboard;
			sourceTree = "<group>";
		};
/* End PBXVariantGroup section */

/* Begin XCBuildConfiguration section */
		5B5967C31DC1CB9D0076AD2E /* Debug */ = {
			isa = XCBuildConfiguration;
			buildSettings = {
				ALWAYS_SEARCH_USER_PATHS = NO;
				CLANG_ANALYZER_NONNULL = YES;
				CLANG_CXX_LANGUAGE_STANDARD = "gnu++0x";
				CLANG_CXX_LIBRARY = "libc++";
				CLANG_ENABLE_MODULES = YES;
				CLANG_ENABLE_OBJC_ARC = YES;
				CLANG_WARN_BOOL_CONVERSION = YES;
				CLANG_WARN_CONSTANT_CONVERSION = YES;
				CLANG_WARN_DIRECT_OBJC_ISA_USAGE = YES_ERROR;
				CLANG_WARN_DOCUMENTATION_COMMENTS = YES;
				CLANG_WARN_EMPTY_BODY = YES;
				CLANG_WARN_ENUM_CONVERSION = YES;
				CLANG_WARN_INFINITE_RECURSION = YES;
				CLANG_WARN_INT_CONVERSION = YES;
				CLANG_WARN_OBJC_ROOT_CLASS = YES_ERROR;
				CLANG_WARN_SUSPICIOUS_MOVES = YES;
				CLANG_WARN_UNREACHABLE_CODE = YES;
				CLANG_WARN__DUPLICATE_METHOD_MATCH = YES;
				"CODE_SIGN_IDENTITY[sdk=iphoneos*]" = "iPhone Developer";
				COPY_PHASE_STRIP = NO;
				DEBUG_INFORMATION_FORMAT = dwarf;
				ENABLE_STRICT_OBJC_MSGSEND = YES;
				ENABLE_TESTABILITY = YES;
				GCC_C_LANGUAGE_STANDARD = gnu99;
				GCC_DYNAMIC_NO_PIC = NO;
				GCC_NO_COMMON_BLOCKS = YES;
				GCC_OPTIMIZATION_LEVEL = 0;
				GCC_PREPROCESSOR_DEFINITIONS = (
					"DEBUG=1",
					"$(inherited)",
				);
				GCC_WARN_64_TO_32_BIT_CONVERSION = YES;
				GCC_WARN_ABOUT_RETURN_TYPE = YES_ERROR;
				GCC_WARN_UNDECLARED_SELECTOR = YES;
				GCC_WARN_UNINITIALIZED_AUTOS = YES_AGGRESSIVE;
				GCC_WARN_UNUSED_FUNCTION = YES;
				GCC_WARN_UNUSED_VARIABLE = YES;
				IPHONEOS_DEPLOYMENT_TARGET = 8.0;
				MTL_ENABLE_DEBUG_INFO = YES;
				ONLY_ACTIVE_ARCH = YES;
				SDKROOT = iphoneos;
				TARGETED_DEVICE_FAMILY = "1,2";
			};
			name = Debug;
		};
		5B5967C41DC1CB9D0076AD2E /* Release */ = {
			isa = XCBuildConfiguration;
			buildSettings = {
				ALWAYS_SEARCH_USER_PATHS = NO;
				CLANG_ANALYZER_NONNULL = YES;
				CLANG_CXX_LANGUAGE_STANDARD = "gnu++0x";
				CLANG_CXX_LIBRARY = "libc++";
				CLANG_ENABLE_MODULES = YES;
				CLANG_ENABLE_OBJC_ARC = YES;
				CLANG_WARN_BOOL_CONVERSION = YES;
				CLANG_WARN_CONSTANT_CONVERSION = YES;
				CLANG_WARN_DIRECT_OBJC_ISA_USAGE = YES_ERROR;
				CLANG_WARN_DOCUMENTATION_COMMENTS = YES;
				CLANG_WARN_EMPTY_BODY = YES;
				CLANG_WARN_ENUM_CONVERSION = YES;
				CLANG_WARN_INFINITE_RECURSION = YES;
				CLANG_WARN_INT_CONVERSION = YES;
				CLANG_WARN_OBJC_ROOT_CLASS = YES_ERROR;
				CLANG_WARN_SUSPICIOUS_MOVES = YES;
				CLANG_WARN_UNREACHABLE_CODE = YES;
				CLANG_WARN__DUPLICATE_METHOD_MATCH = YES;
				"CODE_SIGN_IDENTITY[sdk=iphoneos*]" = "iPhone Developer";
				COPY_PHASE_STRIP = NO;
				DEBUG_INFORMATION_FORMAT = "dwarf-with-dsym";
				ENABLE_NS_ASSERTIONS = NO;
				ENABLE_STRICT_OBJC_MSGSEND = YES;
				GCC_C_LANGUAGE_STANDARD = gnu99;
				GCC_NO_COMMON_BLOCKS = YES;
				GCC_WARN_64_TO_32_BIT_CONVERSION = YES;
				GCC_WARN_ABOUT_RETURN_TYPE = YES_ERROR;
				GCC_WARN_UNDECLARED_SELECTOR = YES;
				GCC_WARN_UNINITIALIZED_AUTOS = YES_AGGRESSIVE;
				GCC_WARN_UNUSED_FUNCTION = YES;
				GCC_WARN_UNUSED_VARIABLE = YES;
				IPHONEOS_DEPLOYMENT_TARGET = 8.0;
				MTL_ENABLE_DEBUG_INFO = NO;
				SDKROOT = iphoneos;
				TARGETED_DEVICE_FAMILY = "1,2";
				VALIDATE_PRODUCT = YES;
			};
			name = Release;
		};
		5B5967C61DC1CB9D0076AD2E /* Debug */ = {
			isa = XCBuildConfiguration;
			buildSettings = {
				ASSETCATALOG_COMPILER_APPICON_NAME = AppIcon;
				DEVELOPMENT_TEAM = Q34ZBX98J7;
				INFOPLIST_FILE = MTRealReachabilityDEMO/Info.plist;
				IPHONEOS_DEPLOYMENT_TARGET = 8.0;
				LD_RUNPATH_SEARCH_PATHS = "$(inherited) @executable_path/Frameworks";
				PRODUCT_BUNDLE_IDENTIFIER = cn.nnoffice.martin.MTRealReachabilityDEMO;
				PRODUCT_NAME = "$(TARGET_NAME)";
			};
			name = Debug;
		};
		5B5967C71DC1CB9D0076AD2E /* Release */ = {
			isa = XCBuildConfiguration;
			buildSettings = {
				ASSETCATALOG_COMPILER_APPICON_NAME = AppIcon;
				DEVELOPMENT_TEAM = Q34ZBX98J7;
				INFOPLIST_FILE = MTRealReachabilityDEMO/Info.plist;
				IPHONEOS_DEPLOYMENT_TARGET = 8.0;
				LD_RUNPATH_SEARCH_PATHS = "$(inherited) @executable_path/Frameworks";
				PRODUCT_BUNDLE_IDENTIFIER = cn.nnoffice.martin.MTRealReachabilityDEMO;
				PRODUCT_NAME = "$(TARGET_NAME)";
			};
			name = Release;
		};
		5B5967C91DC1CB9D0076AD2E /* Debug */ = {
			isa = XCBuildConfiguration;
			buildSettings = {
				BUNDLE_LOADER = "$(TEST_HOST)";
				INFOPLIST_FILE = MTRealReachabilityDEMOTests/Info.plist;
				LD_RUNPATH_SEARCH_PATHS = "$(inherited) @executable_path/Frameworks @loader_path/Frameworks";
				PRODUCT_BUNDLE_IDENTIFIER = cn.nnoffice.martin.MTRealReachabilityDEMOTests;
				PRODUCT_NAME = "$(TARGET_NAME)";
				TEST_HOST = "$(BUILT_PRODUCTS_DIR)/MTRealReachabilityDEMO.app/MTRealReachabilityDEMO";
			};
			name = Debug;
		};
		5B5967CA1DC1CB9D0076AD2E /* Release */ = {
			isa = XCBuildConfiguration;
			buildSettings = {
				BUNDLE_LOADER = "$(TEST_HOST)";
				INFOPLIST_FILE = MTRealReachabilityDEMOTests/Info.plist;
				LD_RUNPATH_SEARCH_PATHS = "$(inherited) @executable_path/Frameworks @loader_path/Frameworks";
				PRODUCT_BUNDLE_IDENTIFIER = cn.nnoffice.martin.MTRealReachabilityDEMOTests;
				PRODUCT_NAME = "$(TARGET_NAME)";
				TEST_HOST = "$(BUILT_PRODUCTS_DIR)/MTRealReachabilityDEMO.app/MTRealReachabilityDEMO";
			};
			name = Release;
		};
		5B5967CC1DC1CB9D0076AD2E /* Debug */ = {
			isa = XCBuildConfiguration;
			buildSettings = {
				INFOPLIST_FILE = MTRealReachabilityDEMOUITests/Info.plist;
				LD_RUNPATH_SEARCH_PATHS = "$(inherited) @executable_path/Frameworks @loader_path/Frameworks";
				PRODUCT_BUNDLE_IDENTIFIER = cn.nnoffice.martin.MTRealReachabilityDEMOUITests;
				PRODUCT_NAME = "$(TARGET_NAME)";
				TEST_TARGET_NAME = MTRealReachabilityDEMO;
			};
			name = Debug;
		};
		5B5967CD1DC1CB9D0076AD2E /* Release */ = {
			isa = XCBuildConfiguration;
			buildSettings = {
				INFOPLIST_FILE = MTRealReachabilityDEMOUITests/Info.plist;
				LD_RUNPATH_SEARCH_PATHS = "$(inherited) @executable_path/Frameworks @loader_path/Frameworks";
				PRODUCT_BUNDLE_IDENTIFIER = cn.nnoffice.martin.MTRealReachabilityDEMOUITests;
				PRODUCT_NAME = "$(TARGET_NAME)";
				TEST_TARGET_NAME = MTRealReachabilityDEMO;
			};
			name = Release;
		};
		5B5967F51DC1CC0A0076AD2E /* Debug */ = {
			isa = XCBuildConfiguration;
			buildSettings = {
				CODE_SIGN_IDENTITY = "";
				CURRENT_PROJECT_VERSION = 1;
				DEFINES_MODULE = YES;
				DYLIB_COMPATIBILITY_VERSION = 1;
				DYLIB_CURRENT_VERSION = 1;
				DYLIB_INSTALL_NAME_BASE = "@rpath";
				INFOPLIST_FILE = MTRealReachability/Info.plist;
				INSTALL_PATH = "$(LOCAL_LIBRARY_DIR)/Frameworks";
				IPHONEOS_DEPLOYMENT_TARGET = 8.0;
				LD_RUNPATH_SEARCH_PATHS = "$(inherited) @executable_path/Frameworks @loader_path/Frameworks";
				MACH_O_TYPE = staticlib;
				PRODUCT_BUNDLE_IDENTIFIER = cn.nnoffice.martin.MTRealReachability;
				PRODUCT_NAME = "$(TARGET_NAME)";
				SKIP_INSTALL = YES;
				VERSIONING_SYSTEM = "apple-generic";
				VERSION_INFO_PREFIX = "";
			};
			name = Debug;
		};
		5B5967F61DC1CC0A0076AD2E /* Release */ = {
			isa = XCBuildConfiguration;
			buildSettings = {
				CODE_SIGN_IDENTITY = "";
				CURRENT_PROJECT_VERSION = 1;
				DEFINES_MODULE = YES;
				DYLIB_COMPATIBILITY_VERSION = 1;
				DYLIB_CURRENT_VERSION = 1;
				DYLIB_INSTALL_NAME_BASE = "@rpath";
				INFOPLIST_FILE = MTRealReachability/Info.plist;
				INSTALL_PATH = "$(LOCAL_LIBRARY_DIR)/Frameworks";
				IPHONEOS_DEPLOYMENT_TARGET = 8.0;
				LD_RUNPATH_SEARCH_PATHS = "$(inherited) @executable_path/Frameworks @loader_path/Frameworks";
				MACH_O_TYPE = staticlib;
				PRODUCT_BUNDLE_IDENTIFIER = cn.nnoffice.martin.MTRealReachability;
				PRODUCT_NAME = "$(TARGET_NAME)";
				SKIP_INSTALL = YES;
				VERSIONING_SYSTEM = "apple-generic";
				VERSION_INFO_PREFIX = "";
			};
			name = Release;
		};
		5B5967F91DC1CC0A0076AD2E /* Debug */ = {
			isa = XCBuildConfiguration;
			buildSettings = {
				INFOPLIST_FILE = MTRealReachabilityTests/Info.plist;
				LD_RUNPATH_SEARCH_PATHS = "$(inherited) @executable_path/Frameworks @loader_path/Frameworks";
				PRODUCT_BUNDLE_IDENTIFIER = cn.nnoffice.martin.MTRealReachabilityTests;
				PRODUCT_NAME = "$(TARGET_NAME)";
				TEST_HOST = "$(BUILT_PRODUCTS_DIR)/MTRealReachabilityDEMO.app/MTRealReachabilityDEMO";
			};
			name = Debug;
		};
		5B5967FA1DC1CC0A0076AD2E /* Release */ = {
			isa = XCBuildConfiguration;
			buildSettings = {
				INFOPLIST_FILE = MTRealReachabilityTests/Info.plist;
				LD_RUNPATH_SEARCH_PATHS = "$(inherited) @executable_path/Frameworks @loader_path/Frameworks";
				PRODUCT_BUNDLE_IDENTIFIER = cn.nnoffice.martin.MTRealReachabilityTests;
				PRODUCT_NAME = "$(TARGET_NAME)";
				TEST_HOST = "$(BUILT_PRODUCTS_DIR)/MTRealReachabilityDEMO.app/MTRealReachabilityDEMO";
			};
			name = Release;
		};
/* End XCBuildConfiguration section */

/* Begin XCConfigurationList section */
		5B5967931DC1CB9D0076AD2E /* Build configuration list for PBXProject "MTRealReachabilityDEMO" */ = {
			isa = XCConfigurationList;
			buildConfigurations = (
				5B5967C31DC1CB9D0076AD2E /* Debug */,
				5B5967C41DC1CB9D0076AD2E /* Release */,
			);
			defaultConfigurationIsVisible = 0;
			defaultConfigurationName = Release;
		};
		5B5967C51DC1CB9D0076AD2E /* Build configuration list for PBXNativeTarget "MTRealReachabilityDEMO" */ = {
			isa = XCConfigurationList;
			buildConfigurations = (
				5B5967C61DC1CB9D0076AD2E /* Debug */,
				5B5967C71DC1CB9D0076AD2E /* Release */,
			);
			defaultConfigurationIsVisible = 0;
			defaultConfigurationName = Release;
		};
		5B5967C81DC1CB9D0076AD2E /* Build configuration list for PBXNativeTarget "MTRealReachabilityDEMOTests" */ = {
			isa = XCConfigurationList;
			buildConfigurations = (
				5B5967C91DC1CB9D0076AD2E /* Debug */,
				5B5967CA1DC1CB9D0076AD2E /* Release */,
			);
			defaultConfigurationIsVisible = 0;
			defaultConfigurationName = Release;
		};
		5B5967CB1DC1CB9D0076AD2E /* Build configuration list for PBXNativeTarget "MTRealReachabilityDEMOUITests" */ = {
			isa = XCConfigurationList;
			buildConfigurations = (
				5B5967CC1DC1CB9D0076AD2E /* Debug */,
				5B5967CD1DC1CB9D0076AD2E /* Release */,
			);
			defaultConfigurationIsVisible = 0;
			defaultConfigurationName = Release;
		};
		5B5967F41DC1CC0A0076AD2E /* Build configuration list for PBXNativeTarget "MTRealReachability" */ = {
			isa = XCConfigurationList;
			buildConfigurations = (
				5B5967F51DC1CC0A0076AD2E /* Debug */,
				5B5967F61DC1CC0A0076AD2E /* Release */,
			);
			defaultConfigurationIsVisible = 0;
			defaultConfigurationName = Release;
		};
		5B5967F81DC1CC0A0076AD2E /* Build configuration list for PBXNativeTarget "MTRealReachabilityTests" */ = {
			isa = XCConfigurationList;
			buildConfigurations = (
				5B5967F91DC1CC0A0076AD2E /* Debug */,
				5B5967FA1DC1CC0A0076AD2E /* Release */,
			);
			defaultConfigurationIsVisible = 0;
			defaultConfigurationName = Release;
		};
/* End XCConfigurationList section */
	};
	rootObject = 5B5967901DC1CB9D0076AD2E /* Project object */;
}
